
Microsoft Visual Studio Solution File, Format Version 12.00
# Visual Studio 15
VisualStudioVersion = 15.0.28307.489
MinimumVisualStudioVersion = 10.0.40219.1
Project("{FAE04EC0-301F-11D3-BF4B-00C04F79EFBC}") = "Game1", "Game1\Game1.csproj", "{BFA37092-A592-4B04-A80A-CA896D724CD4}"
EndProject
Global
	GlobalSection(SolutionConfigurationPlatforms) = preSolution
		Debug|Any CPU = Debug|Any CPU
		Release|Any CPU = Release|Any CPU
	EndGlobalSection
	GlobalSection(ProjectConfigurationPlatforms) = postSolution
		{BFA37092-A592-4B04-A80A-CA896D724CD4}.Debug|Any CPU.ActiveCfg = Debug|Any CPU
		{BFA37092-A592-4B04-A80A-CA896D724CD4}.Debug|Any CPU.Build.0 = Debug|Any CPU
		{BFA37092-A592-4B04-A80A-CA896D724CD4}.Release|Any CPU.ActiveCfg = Release|Any CPU
		{BFA37092-A592-4B04-A80A-CA896D724CD4}.Release|Any CPU.Build.0 = Release|Any CPU
	EndGlobalSection
	GlobalSection(SolutionProperties) = preSolution
		HideSolutionNode = FALSE
	EndGlobalSection
	GlobalSection(ExtensibilityGlobals) = postSolution
		SolutionGuid = {B81A72C5-5E1E-44CB-9A1A-40B97CE2498E}
	EndGlobalSection
EndGlobal
